// !$*UTF8*$!
{
	archiveVersion = 1;
	classes = {
	};
	objectVersion = 50;
	objects = {

/* Begin PBXBuildFile section */
		1004D05C20DE47CC00B4ACCD /* IRANSans(FaNum)_Bold.ttf in Resources */ = {isa = PBXBuildFile; fileRef = 1004D05920DE47CB00B4ACCD /* IRANSans(FaNum)_Bold.ttf */; };
		1004D05D20DE47CC00B4ACCD /* IRANSans(FaNum)_Light.ttf in Resources */ = {isa = PBXBuildFile; fileRef = 1004D05A20DE47CB00B4ACCD /* IRANSans(FaNum)_Light.ttf */; };
		1004D05E20DE47CC00B4ACCD /* IRANSans(FaNum).ttf in Resources */ = {isa = PBXBuildFile; fileRef = 1004D05B20DE47CB00B4ACCD /* IRANSans(FaNum).ttf */; };
		1004D06120DE614000B4ACCD /* GetProfileRes.swift in Sources */ = {isa = PBXBuildFile; fileRef = 1004D05F20DE614000B4ACCD /* GetProfileRes.swift */; };
		1004D06220DE614100B4ACCD /* Person.swift in Sources */ = {isa = PBXBuildFile; fileRef = 1004D06020DE614000B4ACCD /* Person.swift */; };
		1004D06820DE626E00B4ACCD /* GetLevelRes.swift in Sources */ = {isa = PBXBuildFile; fileRef = 1004D06320DE626E00B4ACCD /* GetLevelRes.swift */; };
		1004D06920DE626E00B4ACCD /* PersonOrganizationRelation.swift in Sources */ = {isa = PBXBuildFile; fileRef = 1004D06420DE626E00B4ACCD /* PersonOrganizationRelation.swift */; };
		1004D06A20DE626E00B4ACCD /* OrganizationPersonGroup.swift in Sources */ = {isa = PBXBuildFile; fileRef = 1004D06520DE626E00B4ACCD /* OrganizationPersonGroup.swift */; };
		1004D06B20DE626E00B4ACCD /* OrganizationPersonLevel.swift in Sources */ = {isa = PBXBuildFile; fileRef = 1004D06620DE626E00B4ACCD /* OrganizationPersonLevel.swift */; };
		1028C87420E0FA5C00BE328C /* GetInfoClubRes.swift in Sources */ = {isa = PBXBuildFile; fileRef = 1028C87320E0FA5B00BE328C /* GetInfoClubRes.swift */; };
		103339B520C3D3BB002F4220 /* URLs.swift in Sources */ = {isa = PBXBuildFile; fileRef = 103339B420C3D3BB002F4220 /* URLs.swift */; };
		103339B720C3D3C8002F4220 /* App.swift in Sources */ = {isa = PBXBuildFile; fileRef = 103339B620C3D3C8002F4220 /* App.swift */; };
		103339B920C3D455002F4220 /* DefaultStrings.swift in Sources */ = {isa = PBXBuildFile; fileRef = 103339B820C3D455002F4220 /* DefaultStrings.swift */; };
		103339BD20C3D595002F4220 /* MyRequests.swift in Sources */ = {isa = PBXBuildFile; fileRef = 103339BC20C3D595002F4220 /* MyRequests.swift */; };
		103339BF20C3D6AB002F4220 /* loading.json in Resources */ = {isa = PBXBuildFile; fileRef = 103339BE20C3D6AA002F4220 /* loading.json */; };
		103339C120C3D7A3002F4220 /* LoadingViewController.swift in Sources */ = {isa = PBXBuildFile; fileRef = 103339C020C3D7A2002F4220 /* LoadingViewController.swift */; };
		103339C320C3DB1D002F4220 /* ResponseModel.swift in Sources */ = {isa = PBXBuildFile; fileRef = 103339C220C3DB1D002F4220 /* ResponseModel.swift */; };
		103339C620C3E4C5002F4220 /* LoginRes.swift in Sources */ = {isa = PBXBuildFile; fileRef = 103339C420C3E4C5002F4220 /* LoginRes.swift */; };
		103339C720C3E4C5002F4220 /* Access.swift in Sources */ = {isa = PBXBuildFile; fileRef = 103339C520C3E4C5002F4220 /* Access.swift */; };
		103339C920C3EF9C002F4220 /* LoginRequestModel.swift in Sources */ = {isa = PBXBuildFile; fileRef = 103339C820C3EF9C002F4220 /* LoginRequestModel.swift */; };
		103339CB20C3F577002F4220 /* RegisterRequestModel.swift in Sources */ = {isa = PBXBuildFile; fileRef = 103339CA20C3F577002F4220 /* RegisterRequestModel.swift */; };
		103339CD20C3F616002F4220 /* SetNotificationIDRequestModel.swift in Sources */ = {isa = PBXBuildFile; fileRef = 103339CC20C3F616002F4220 /* SetNotificationIDRequestModel.swift */; };
		103339CF20C3FC18002F4220 /* GetListRequestModel.swift in Sources */ = {isa = PBXBuildFile; fileRef = 103339CE20C3FC18002F4220 /* GetListRequestModel.swift */; };
		103339D120C4000B002F4220 /* EditProfileUserRequestModel.swift in Sources */ = {isa = PBXBuildFile; fileRef = 103339D020C4000B002F4220 /* EditProfileUserRequestModel.swift */; };
		103339D320C4042A002F4220 /* SendContactListRequestModel.swift in Sources */ = {isa = PBXBuildFile; fileRef = 103339D220C4042A002F4220 /* SendContactListRequestModel.swift */; };
		103339D520C40B53002F4220 /* GetAllContactListRequestModel.swift in Sources */ = {isa = PBXBuildFile; fileRef = 103339D420C40B53002F4220 /* GetAllContactListRequestModel.swift */; };
		103339D720C40D8A002F4220 /* GetCommentRequestModel.swift in Sources */ = {isa = PBXBuildFile; fileRef = 103339D620C40D8A002F4220 /* GetCommentRequestModel.swift */; };
		103339D920C40EE9002F4220 /* CommentsSubject.swift in Sources */ = {isa = PBXBuildFile; fileRef = 103339D820C40EE9002F4220 /* CommentsSubject.swift */; };
		103339DB20C41051002F4220 /* GiftLikeRequestModel.swift in Sources */ = {isa = PBXBuildFile; fileRef = 103339DA20C41051002F4220 /* GiftLikeRequestModel.swift */; };
		103339DD20C41343002F4220 /* GiftDeleteLikeRequestModel.swift in Sources */ = {isa = PBXBuildFile; fileRef = 103339DC20C41343002F4220 /* GiftDeleteLikeRequestModel.swift */; };
		103339DF20C413DD002F4220 /* SendCommentRequestModel.swift in Sources */ = {isa = PBXBuildFile; fileRef = 103339DE20C413DD002F4220 /* SendCommentRequestModel.swift */; };
		103339E120C41891002F4220 /* GetInfoClubRequestModel.swift in Sources */ = {isa = PBXBuildFile; fileRef = 103339E020C41891002F4220 /* GetInfoClubRequestModel.swift */; };
		103339E320C419E2002F4220 /* GetHistoryActivityClubRequestModel.swift in Sources */ = {isa = PBXBuildFile; fileRef = 103339E220C419E2002F4220 /* GetHistoryActivityClubRequestModel.swift */; };
		103339E520C41A95002F4220 /* SaveChangeNotificationRequestModel.swift in Sources */ = {isa = PBXBuildFile; fileRef = 103339E420C41A95002F4220 /* SaveChangeNotificationRequestModel.swift */; };
		1036DF3420F2279000A81F91 /* UploadImageRequestModel.swift in Sources */ = {isa = PBXBuildFile; fileRef = 1036DF3320F2279000A81F91 /* UploadImageRequestModel.swift */; };
		104C6CBC20D792430084E2B2 /* MainCollectionViewCell.swift in Sources */ = {isa = PBXBuildFile; fileRef = 104C6CBA20D792430084E2B2 /* MainCollectionViewCell.swift */; };
		104C6CBD20D792430084E2B2 /* MainCollectionViewCell.xib in Resources */ = {isa = PBXBuildFile; fileRef = 104C6CBB20D792430084E2B2 /* MainCollectionViewCell.xib */; };
		104C6CBF20D7A5A90084E2B2 /* ToPhoto.swift in Sources */ = {isa = PBXBuildFile; fileRef = 104C6CBE20D7A5A90084E2B2 /* ToPhoto.swift */; };
		104C6CC220D7B3830084E2B2 /* ScoreTableViewCell.swift in Sources */ = {isa = PBXBuildFile; fileRef = 104C6CC020D7B3830084E2B2 /* ScoreTableViewCell.swift */; };
		104C6CC320D7B3830084E2B2 /* ScoreTableViewCell.xib in Resources */ = {isa = PBXBuildFile; fileRef = 104C6CC120D7B3830084E2B2 /* ScoreTableViewCell.xib */; };
		104C6CC720D7B66C0084E2B2 /* GiftTableViewCell.swift in Sources */ = {isa = PBXBuildFile; fileRef = 104C6CC520D7B66C0084E2B2 /* GiftTableViewCell.swift */; };
		104C6CC820D7B66C0084E2B2 /* GiftTableViewCell.xib in Resources */ = {isa = PBXBuildFile; fileRef = 104C6CC620D7B66C0084E2B2 /* GiftTableViewCell.xib */; };
		104C6CCB20D7B9400084E2B2 /* ClubTableViewCell.swift in Sources */ = {isa = PBXBuildFile; fileRef = 104C6CC920D7B9400084E2B2 /* ClubTableViewCell.swift */; };
		104C6CCC20D7B9400084E2B2 /* ClubTableViewCell.xib in Resources */ = {isa = PBXBuildFile; fileRef = 104C6CCA20D7B9400084E2B2 /* ClubTableViewCell.xib */; };
		104C6CCF20D7BF640084E2B2 /* ScoreViewController.swift in Sources */ = {isa = PBXBuildFile; fileRef = 104C6CCE20D7BF640084E2B2 /* ScoreViewController.swift */; };
		104C6CD120D7BF720084E2B2 /* GiftViewController.swift in Sources */ = {isa = PBXBuildFile; fileRef = 104C6CD020D7BF720084E2B2 /* GiftViewController.swift */; };
		104C6CD320D7BF9B0084E2B2 /* ClubsViewController.swift in Sources */ = {isa = PBXBuildFile; fileRef = 104C6CD220D7BF9B0084E2B2 /* ClubsViewController.swift */; };
		104C6CD520D7C0340084E2B2 /* ProfileViewController.swift in Sources */ = {isa = PBXBuildFile; fileRef = 104C6CD420D7C0330084E2B2 /* ProfileViewController.swift */; };
		105164B320EBA53E0097F4DE /* GiftDetailViewController.swift in Sources */ = {isa = PBXBuildFile; fileRef = 105164B220EBA53E0097F4DE /* GiftDetailViewController.swift */; };
		105164B820EBBB7A0097F4DE /* ChatTableViewCell.swift in Sources */ = {isa = PBXBuildFile; fileRef = 105164B620EBBB7A0097F4DE /* ChatTableViewCell.swift */; };
		105164B920EBBB7A0097F4DE /* ChatTableViewCell.xib in Resources */ = {isa = PBXBuildFile; fileRef = 105164B720EBBB7A0097F4DE /* ChatTableViewCell.xib */; };
		1076018520DF7ABB00ACF9F1 /* ClubDetailViewController.swift in Sources */ = {isa = PBXBuildFile; fileRef = 1076018420DF7ABB00ACF9F1 /* ClubDetailViewController.swift */; };
		1078A3FC20AAAD1600F1F2AA /* MainPageViewController.swift in Sources */ = {isa = PBXBuildFile; fileRef = 1078A3FB20AAAD1600F1F2AA /* MainPageViewController.swift */; };
		1079129F20A9871C00FDBE9E /* AwardsTableViewCell.swift in Sources */ = {isa = PBXBuildFile; fileRef = 1079129D20A9871C00FDBE9E /* AwardsTableViewCell.swift */; };
		107912A020A9871C00FDBE9E /* AwardsTableViewCell.xib in Resources */ = {isa = PBXBuildFile; fileRef = 1079129E20A9871C00FDBE9E /* AwardsTableViewCell.xib */; };
		107912A720A9876D00FDBE9E /* AdvertisementTableViewCell.swift in Sources */ = {isa = PBXBuildFile; fileRef = 107912A520A9876D00FDBE9E /* AdvertisementTableViewCell.swift */; };
		107912A820A9876D00FDBE9E /* AdvertisementTableViewCell.xib in Resources */ = {isa = PBXBuildFile; fileRef = 107912A620A9876D00FDBE9E /* AdvertisementTableViewCell.xib */; };
		108D369720D943D600D6BFEC /* icomoon.ttf in Resources */ = {isa = PBXBuildFile; fileRef = 108D369320D943D500D6BFEC /* icomoon.ttf */; };
		108D369820D943D600D6BFEC /* iran_sans.ttf in Resources */ = {isa = PBXBuildFile; fileRef = 108D369420D943D500D6BFEC /* iran_sans.ttf */; };
		108D369920D943D600D6BFEC /* iran_sans_medium.ttf in Resources */ = {isa = PBXBuildFile; fileRef = 108D369520D943D500D6BFEC /* iran_sans_medium.ttf */; };
		108D369A20D943D600D6BFEC /* BYekan.ttf in Resources */ = {isa = PBXBuildFile; fileRef = 108D369620D943D600D6BFEC /* BYekan.ttf */; };
		108D369C20DA192E00D6BFEC /* IntroViewController.swift in Sources */ = {isa = PBXBuildFile; fileRef = 108D369B20DA192E00D6BFEC /* IntroViewController.swift */; };
		108D369E20DA2D0A00D6BFEC /* loading1.json in Resources */ = {isa = PBXBuildFile; fileRef = 108D369D20DA2D0A00D6BFEC /* loading1.json */; };
		108D36A020DA51F800D6BFEC /* MainTabBarController.swift in Sources */ = {isa = PBXBuildFile; fileRef = 108D369F20DA51F800D6BFEC /* MainTabBarController.swift */; };
		1092F26020EC9EED00A41B0C /* NotificationTableViewCell.swift in Sources */ = {isa = PBXBuildFile; fileRef = 1092F25E20EC9EED00A41B0C /* NotificationTableViewCell.swift */; };
		1092F26120EC9EED00A41B0C /* NotificationTableViewCell.xib in Resources */ = {isa = PBXBuildFile; fileRef = 1092F25F20EC9EED00A41B0C /* NotificationTableViewCell.xib */; };
		1092F26620ECB53400A41B0C /* SettingsViewController.swift in Sources */ = {isa = PBXBuildFile; fileRef = 1092F26520ECB53400A41B0C /* SettingsViewController.swift */; };
		1092F26820ECB58B00A41B0C /* ContactViewController.swift in Sources */ = {isa = PBXBuildFile; fileRef = 1092F26720ECB58B00A41B0C /* ContactViewController.swift */; };
		1092F26A20ECC60100A41B0C /* SendMessageViewController.swift in Sources */ = {isa = PBXBuildFile; fileRef = 1092F26920ECC60100A41B0C /* SendMessageViewController.swift */; };
		1092F26E20ECDF8900A41B0C /* CommentRes.swift in Sources */ = {isa = PBXBuildFile; fileRef = 1092F26B20ECDF8800A41B0C /* CommentRes.swift */; };
		1092F26F20ECDF8900A41B0C /* User.swift in Sources */ = {isa = PBXBuildFile; fileRef = 1092F26C20ECDF8800A41B0C /* User.swift */; };
		1092F27020ECDF8900A41B0C /* Usecase.swift in Sources */ = {isa = PBXBuildFile; fileRef = 1092F26D20ECDF8800A41B0C /* Usecase.swift */; };
		109848F220F0C7E2007F61AC /* PermissionPopupViewController.swift in Sources */ = {isa = PBXBuildFile; fileRef = 109848F120F0C7E2007F61AC /* PermissionPopupViewController.swift */; };
		109848F420F0C7F5007F61AC /* QRViewController.swift in Sources */ = {isa = PBXBuildFile; fileRef = 109848F320F0C7F5007F61AC /* QRViewController.swift */; };
		109848F620F0C82B007F61AC /* EditProfileViewController.swift in Sources */ = {isa = PBXBuildFile; fileRef = 109848F520F0C82B007F61AC /* EditProfileViewController.swift */; };
		109848F820F0F4B3007F61AC /* GetNotificationRes.swift in Sources */ = {isa = PBXBuildFile; fileRef = 109848F720F0F4B3007F61AC /* GetNotificationRes.swift */; };
		10C942B620A864160053B1B1 /* AppDelegate.swift in Sources */ = {isa = PBXBuildFile; fileRef = 10C942B520A864160053B1B1 /* AppDelegate.swift */; };
		10C942B820A864160053B1B1 /* RegisterViewController.swift in Sources */ = {isa = PBXBuildFile; fileRef = 10C942B720A864160053B1B1 /* RegisterViewController.swift */; };
		10C942BB20A864160053B1B1 /* Main.storyboard in Resources */ = {isa = PBXBuildFile; fileRef = 10C942B920A864160053B1B1 /* Main.storyboard */; };
		10C942BE20A864160053B1B1 /* CClub.xcdatamodeld in Sources */ = {isa = PBXBuildFile; fileRef = 10C942BC20A864160053B1B1 /* CClub.xcdatamodeld */; };
		10C942C020A8641A0053B1B1 /* Assets.xcassets in Resources */ = {isa = PBXBuildFile; fileRef = 10C942BF20A8641A0053B1B1 /* Assets.xcassets */; };
		10C942C320A8641A0053B1B1 /* LaunchScreen.storyboard in Resources */ = {isa = PBXBuildFile; fileRef = 10C942C120A8641A0053B1B1 /* LaunchScreen.storyboard */; };
		10E0A81320D6719F0081E4E5 /* LoginViewController.swift in Sources */ = {isa = PBXBuildFile; fileRef = 10E0A81220D6719F0081E4E5 /* LoginViewController.swift */; };
		10E0A81B20D76E690081E4E5 /* LogoImage.swift in Sources */ = {isa = PBXBuildFile; fileRef = 10E0A81420D76E680081E4E5 /* LogoImage.swift */; };
		10E0A81C20D76E690081E4E5 /* CreatedBy.swift in Sources */ = {isa = PBXBuildFile; fileRef = 10E0A81520D76E680081E4E5 /* CreatedBy.swift */; };
		10E0A81D20D76E690081E4E5 /* Organization.swift in Sources */ = {isa = PBXBuildFile; fileRef = 10E0A81620D76E690081E4E5 /* Organization.swift */; };
		10E0A81F20D76E690081E4E5 /* ScoreListRes.swift in Sources */ = {isa = PBXBuildFile; fileRef = 10E0A81820D76E690081E4E5 /* ScoreListRes.swift */; };
		10E0A82020D76E690081E4E5 /* EventType.swift in Sources */ = {isa = PBXBuildFile; fileRef = 10E0A81920D76E690081E4E5 /* EventType.swift */; };
		10E0A82120D76E690081E4E5 /* ParentOrg.swift in Sources */ = {isa = PBXBuildFile; fileRef = 10E0A81A20D76E690081E4E5 /* ParentOrg.swift */; };
		10E0A82320D76EEF0081E4E5 /* GiftListRes.swift in Sources */ = {isa = PBXBuildFile; fileRef = 10E0A82220D76EEF0081E4E5 /* GiftListRes.swift */; };
		10E0A82820D76F760081E4E5 /* MyClubsRes.swift in Sources */ = {isa = PBXBuildFile; fileRef = 10E0A82420D76F750081E4E5 /* MyClubsRes.swift */; };
		10E0A82B20D76F760081E4E5 /* Image.swift in Sources */ = {isa = PBXBuildFile; fileRef = 10E0A82720D76F760081E4E5 /* Image.swift */; };
		10E0A83120D783F20081E4E5 /* UpdatedBy.swift in Sources */ = {isa = PBXBuildFile; fileRef = 10E0A83020D783F20081E4E5 /* UpdatedBy.swift */; };
		594C1BD8F04663A8F53C78E6 /* Pods_CClub.framework in Frameworks */ = {isa = PBXBuildFile; fileRef = 88EF9C9291E5B7D1C6324B28 /* Pods_CClub.framework */; };
/* End PBXBuildFile section */

/* Begin PBXFileReference section */
		02045FEB8A820168E2534A0C /* Pods-CClub.debug.xcconfig */ = {isa = PBXFileReference; includeInIndex = 1; lastKnownFileType = text.xcconfig; name = "Pods-CClub.debug.xcconfig"; path = "Pods/Target Support Files/Pods-CClub/Pods-CClub.debug.xcconfig"; sourceTree = "<group>"; };
		1004D05920DE47CB00B4ACCD /* IRANSans(FaNum)_Bold.ttf */ = {isa = PBXFileReference; lastKnownFileType = file; path = "IRANSans(FaNum)_Bold.ttf"; sourceTree = "<group>"; };
		1004D05A20DE47CB00B4ACCD /* IRANSans(FaNum)_Light.ttf */ = {isa = PBXFileReference; lastKnownFileType = file; path = "IRANSans(FaNum)_Light.ttf"; sourceTree = "<group>"; };
		1004D05B20DE47CB00B4ACCD /* IRANSans(FaNum).ttf */ = {isa = PBXFileReference; lastKnownFileType = file; path = "IRANSans(FaNum).ttf"; sourceTree = "<group>"; };
		1004D05F20DE614000B4ACCD /* GetProfileRes.swift */ = {isa = PBXFileReference; fileEncoding = 4; lastKnownFileType = sourcecode.swift; path = GetProfileRes.swift; sourceTree = "<group>"; };
		1004D06020DE614000B4ACCD /* Person.swift */ = {isa = PBXFileReference; fileEncoding = 4; lastKnownFileType = sourcecode.swift; path = Person.swift; sourceTree = "<group>"; };
		1004D06320DE626E00B4ACCD /* GetLevelRes.swift */ = {isa = PBXFileReference; fileEncoding = 4; lastKnownFileType = sourcecode.swift; path = GetLevelRes.swift; sourceTree = "<group>"; };
		1004D06420DE626E00B4ACCD /* PersonOrganizationRelation.swift */ = {isa = PBXFileReference; fileEncoding = 4; lastKnownFileType = sourcecode.swift; path = PersonOrganizationRelation.swift; sourceTree = "<group>"; };
		1004D06520DE626E00B4ACCD /* OrganizationPersonGroup.swift */ = {isa = PBXFileReference; fileEncoding = 4; lastKnownFileType = sourcecode.swift; path = OrganizationPersonGroup.swift; sourceTree = "<group>"; };
		1004D06620DE626E00B4ACCD /* OrganizationPersonLevel.swift */ = {isa = PBXFileReference; fileEncoding = 4; lastKnownFileType = sourcecode.swift; path = OrganizationPersonLevel.swift; sourceTree = "<group>"; };
		1028C87320E0FA5B00BE328C /* GetInfoClubRes.swift */ = {isa = PBXFileReference; fileEncoding = 4; lastKnownFileType = sourcecode.swift; path = GetInfoClubRes.swift; sourceTree = "<group>"; };
		103339B420C3D3BB002F4220 /* URLs.swift */ = {isa = PBXFileReference; lastKnownFileType = sourcecode.swift; path = URLs.swift; sourceTree = "<group>"; };
		103339B620C3D3C8002F4220 /* App.swift */ = {isa = PBXFileReference; lastKnownFileType = sourcecode.swift; path = App.swift; sourceTree = "<group>"; };
		103339B820C3D455002F4220 /* DefaultStrings.swift */ = {isa = PBXFileReference; lastKnownFileType = sourcecode.swift; path = DefaultStrings.swift; sourceTree = "<group>"; };
		103339BC20C3D595002F4220 /* MyRequests.swift */ = {isa = PBXFileReference; lastKnownFileType = sourcecode.swift; path = MyRequests.swift; sourceTree = "<group>"; };
		103339BE20C3D6AA002F4220 /* loading.json */ = {isa = PBXFileReference; fileEncoding = 4; lastKnownFileType = text.json; path = loading.json; sourceTree = "<group>"; };
		103339C020C3D7A2002F4220 /* LoadingViewController.swift */ = {isa = PBXFileReference; lastKnownFileType = sourcecode.swift; path = LoadingViewController.swift; sourceTree = "<group>"; };
		103339C220C3DB1D002F4220 /* ResponseModel.swift */ = {isa = PBXFileReference; lastKnownFileType = sourcecode.swift; path = ResponseModel.swift; sourceTree = "<group>"; };
		103339C420C3E4C5002F4220 /* LoginRes.swift */ = {isa = PBXFileReference; fileEncoding = 4; lastKnownFileType = sourcecode.swift; path = LoginRes.swift; sourceTree = "<group>"; };
		103339C520C3E4C5002F4220 /* Access.swift */ = {isa = PBXFileReference; fileEncoding = 4; lastKnownFileType = sourcecode.swift; path = Access.swift; sourceTree = "<group>"; };
		103339C820C3EF9C002F4220 /* LoginRequestModel.swift */ = {isa = PBXFileReference; lastKnownFileType = sourcecode.swift; path = LoginRequestModel.swift; sourceTree = "<group>"; };
		103339CA20C3F577002F4220 /* RegisterRequestModel.swift */ = {isa = PBXFileReference; lastKnownFileType = sourcecode.swift; path = RegisterRequestModel.swift; sourceTree = "<group>"; };
		103339CC20C3F616002F4220 /* SetNotificationIDRequestModel.swift */ = {isa = PBXFileReference; lastKnownFileType = sourcecode.swift; path = SetNotificationIDRequestModel.swift; sourceTree = "<group>"; };
		103339CE20C3FC18002F4220 /* GetListRequestModel.swift */ = {isa = PBXFileReference; lastKnownFileType = sourcecode.swift; path = GetListRequestModel.swift; sourceTree = "<group>"; };
		103339D020C4000B002F4220 /* EditProfileUserRequestModel.swift */ = {isa = PBXFileReference; lastKnownFileType = sourcecode.swift; path = EditProfileUserRequestModel.swift; sourceTree = "<group>"; };
		103339D220C4042A002F4220 /* SendContactListRequestModel.swift */ = {isa = PBXFileReference; lastKnownFileType = sourcecode.swift; path = SendContactListRequestModel.swift; sourceTree = "<group>"; };
		103339D420C40B53002F4220 /* GetAllContactListRequestModel.swift */ = {isa = PBXFileReference; lastKnownFileType = sourcecode.swift; path = GetAllContactListRequestModel.swift; sourceTree = "<group>"; };
		103339D620C40D8A002F4220 /* GetCommentRequestModel.swift */ = {isa = PBXFileReference; lastKnownFileType = sourcecode.swift; path = GetCommentRequestModel.swift; sourceTree = "<group>"; };
		103339D820C40EE9002F4220 /* CommentsSubject.swift */ = {isa = PBXFileReference; lastKnownFileType = sourcecode.swift; path = CommentsSubject.swift; sourceTree = "<group>"; };
		103339DA20C41051002F4220 /* GiftLikeRequestModel.swift */ = {isa = PBXFileReference; lastKnownFileType = sourcecode.swift; path = GiftLikeRequestModel.swift; sourceTree = "<group>"; };
		103339DC20C41343002F4220 /* GiftDeleteLikeRequestModel.swift */ = {isa = PBXFileReference; lastKnownFileType = sourcecode.swift; path = GiftDeleteLikeRequestModel.swift; sourceTree = "<group>"; };
		103339DE20C413DD002F4220 /* SendCommentRequestModel.swift */ = {isa = PBXFileReference; lastKnownFileType = sourcecode.swift; path = SendCommentRequestModel.swift; sourceTree = "<group>"; };
		103339E020C41891002F4220 /* GetInfoClubRequestModel.swift */ = {isa = PBXFileReference; lastKnownFileType = sourcecode.swift; path = GetInfoClubRequestModel.swift; sourceTree = "<group>"; };
		103339E220C419E2002F4220 /* GetHistoryActivityClubRequestModel.swift */ = {isa = PBXFileReference; lastKnownFileType = sourcecode.swift; path = GetHistoryActivityClubRequestModel.swift; sourceTree = "<group>"; };
		103339E420C41A95002F4220 /* SaveChangeNotificationRequestModel.swift */ = {isa = PBXFileReference; lastKnownFileType = sourcecode.swift; path = SaveChangeNotificationRequestModel.swift; sourceTree = "<group>"; };
		1036DF3320F2279000A81F91 /* UploadImageRequestModel.swift */ = {isa = PBXFileReference; lastKnownFileType = sourcecode.swift; path = UploadImageRequestModel.swift; sourceTree = "<group>"; };
		104C6CBA20D792430084E2B2 /* MainCollectionViewCell.swift */ = {isa = PBXFileReference; lastKnownFileType = sourcecode.swift; path = MainCollectionViewCell.swift; sourceTree = "<group>"; };
		104C6CBB20D792430084E2B2 /* MainCollectionViewCell.xib */ = {isa = PBXFileReference; lastKnownFileType = file.xib; path = MainCollectionViewCell.xib; sourceTree = "<group>"; };
		104C6CBE20D7A5A90084E2B2 /* ToPhoto.swift */ = {isa = PBXFileReference; fileEncoding = 4; lastKnownFileType = sourcecode.swift; path = ToPhoto.swift; sourceTree = "<group>"; };
		104C6CC020D7B3830084E2B2 /* ScoreTableViewCell.swift */ = {isa = PBXFileReference; lastKnownFileType = sourcecode.swift; path = ScoreTableViewCell.swift; sourceTree = "<group>"; };
		104C6CC120D7B3830084E2B2 /* ScoreTableViewCell.xib */ = {isa = PBXFileReference; lastKnownFileType = file.xib; path = ScoreTableViewCell.xib; sourceTree = "<group>"; };
		104C6CC520D7B66C0084E2B2 /* GiftTableViewCell.swift */ = {isa = PBXFileReference; lastKnownFileType = sourcecode.swift; path = GiftTableViewCell.swift; sourceTree = "<group>"; };
		104C6CC620D7B66C0084E2B2 /* GiftTableViewCell.xib */ = {isa = PBXFileReference; lastKnownFileType = file.xib; path = GiftTableViewCell.xib; sourceTree = "<group>"; };
		104C6CC920D7B9400084E2B2 /* ClubTableViewCell.swift */ = {isa = PBXFileReference; lastKnownFileType = sourcecode.swift; path = ClubTableViewCell.swift; sourceTree = "<group>"; };
		104C6CCA20D7B9400084E2B2 /* ClubTableViewCell.xib */ = {isa = PBXFileReference; lastKnownFileType = file.xib; path = ClubTableViewCell.xib; sourceTree = "<group>"; };
		104C6CCE20D7BF640084E2B2 /* ScoreViewController.swift */ = {isa = PBXFileReference; lastKnownFileType = sourcecode.swift; path = ScoreViewController.swift; sourceTree = "<group>"; };
		104C6CD020D7BF720084E2B2 /* GiftViewController.swift */ = {isa = PBXFileReference; lastKnownFileType = sourcecode.swift; path = GiftViewController.swift; sourceTree = "<group>"; };
		104C6CD220D7BF9B0084E2B2 /* ClubsViewController.swift */ = {isa = PBXFileReference; lastKnownFileType = sourcecode.swift; path = ClubsViewController.swift; sourceTree = "<group>"; };
		104C6CD420D7C0330084E2B2 /* ProfileViewController.swift */ = {isa = PBXFileReference; lastKnownFileType = sourcecode.swift; path = ProfileViewController.swift; sourceTree = "<group>"; };
		105164B220EBA53E0097F4DE /* GiftDetailViewController.swift */ = {isa = PBXFileReference; lastKnownFileType = sourcecode.swift; path = GiftDetailViewController.swift; sourceTree = "<group>"; };
		105164B620EBBB7A0097F4DE /* ChatTableViewCell.swift */ = {isa = PBXFileReference; lastKnownFileType = sourcecode.swift; path = ChatTableViewCell.swift; sourceTree = "<group>"; };
		105164B720EBBB7A0097F4DE /* ChatTableViewCell.xib */ = {isa = PBXFileReference; lastKnownFileType = file.xib; path = ChatTableViewCell.xib; sourceTree = "<group>"; };
		1076018420DF7ABB00ACF9F1 /* ClubDetailViewController.swift */ = {isa = PBXFileReference; lastKnownFileType = sourcecode.swift; path = ClubDetailViewController.swift; sourceTree = "<group>"; };
		1078A3FB20AAAD1600F1F2AA /* MainPageViewController.swift */ = {isa = PBXFileReference; lastKnownFileType = sourcecode.swift; path = MainPageViewController.swift; sourceTree = "<group>"; };
		1079129D20A9871C00FDBE9E /* AwardsTableViewCell.swift */ = {isa = PBXFileReference; lastKnownFileType = sourcecode.swift; path = AwardsTableViewCell.swift; sourceTree = "<group>"; };
		1079129E20A9871C00FDBE9E /* AwardsTableViewCell.xib */ = {isa = PBXFileReference; lastKnownFileType = file.xib; path = AwardsTableViewCell.xib; sourceTree = "<group>"; };
		107912A520A9876D00FDBE9E /* AdvertisementTableViewCell.swift */ = {isa = PBXFileReference; lastKnownFileType = sourcecode.swift; path = AdvertisementTableViewCell.swift; sourceTree = "<group>"; };
		107912A620A9876D00FDBE9E /* AdvertisementTableViewCell.xib */ = {isa = PBXFileReference; lastKnownFileType = file.xib; path = AdvertisementTableViewCell.xib; sourceTree = "<group>"; };
		108D369320D943D500D6BFEC /* icomoon.ttf */ = {isa = PBXFileReference; lastKnownFileType = file; path = icomoon.ttf; sourceTree = "<group>"; };
		108D369420D943D500D6BFEC /* iran_sans.ttf */ = {isa = PBXFileReference; lastKnownFileType = file; path = iran_sans.ttf; sourceTree = "<group>"; };
		108D369520D943D500D6BFEC /* iran_sans_medium.ttf */ = {isa = PBXFileReference; lastKnownFileType = file; path = iran_sans_medium.ttf; sourceTree = "<group>"; };
		108D369620D943D600D6BFEC /* BYekan.ttf */ = {isa = PBXFileReference; lastKnownFileType = file; path = BYekan.ttf; sourceTree = "<group>"; };
		108D369B20DA192E00D6BFEC /* IntroViewController.swift */ = {isa = PBXFileReference; lastKnownFileType = sourcecode.swift; path = IntroViewController.swift; sourceTree = "<group>"; };
		108D369D20DA2D0A00D6BFEC /* loading1.json */ = {isa = PBXFileReference; fileEncoding = 4; lastKnownFileType = text.json; path = loading1.json; sourceTree = "<group>"; };
		108D369F20DA51F800D6BFEC /* MainTabBarController.swift */ = {isa = PBXFileReference; lastKnownFileType = sourcecode.swift; path = MainTabBarController.swift; sourceTree = "<group>"; };
		1092F25E20EC9EED00A41B0C /* NotificationTableViewCell.swift */ = {isa = PBXFileReference; lastKnownFileType = sourcecode.swift; path = NotificationTableViewCell.swift; sourceTree = "<group>"; };
		1092F25F20EC9EED00A41B0C /* NotificationTableViewCell.xib */ = {isa = PBXFileReference; lastKnownFileType = file.xib; path = NotificationTableViewCell.xib; sourceTree = "<group>"; };
		1092F26520ECB53400A41B0C /* SettingsViewController.swift */ = {isa = PBXFileReference; lastKnownFileType = sourcecode.swift; path = SettingsViewController.swift; sourceTree = "<group>"; };
		1092F26720ECB58B00A41B0C /* ContactViewController.swift */ = {isa = PBXFileReference; lastKnownFileType = sourcecode.swift; path = ContactViewController.swift; sourceTree = "<group>"; };
		1092F26920ECC60100A41B0C /* SendMessageViewController.swift */ = {isa = PBXFileReference; lastKnownFileType = sourcecode.swift; path = SendMessageViewController.swift; sourceTree = "<group>"; };
		1092F26B20ECDF8800A41B0C /* CommentRes.swift */ = {isa = PBXFileReference; fileEncoding = 4; lastKnownFileType = sourcecode.swift; path = CommentRes.swift; sourceTree = "<group>"; };
		1092F26C20ECDF8800A41B0C /* User.swift */ = {isa = PBXFileReference; fileEncoding = 4; lastKnownFileType = sourcecode.swift; path = User.swift; sourceTree = "<group>"; };
		1092F26D20ECDF8800A41B0C /* Usecase.swift */ = {isa = PBXFileReference; fileEncoding = 4; lastKnownFileType = sourcecode.swift; path = Usecase.swift; sourceTree = "<group>"; };
		109848F120F0C7E2007F61AC /* PermissionPopupViewController.swift */ = {isa = PBXFileReference; lastKnownFileType = sourcecode.swift; path = PermissionPopupViewController.swift; sourceTree = "<group>"; };
		109848F320F0C7F5007F61AC /* QRViewController.swift */ = {isa = PBXFileReference; lastKnownFileType = sourcecode.swift; path = QRViewController.swift; sourceTree = "<group>"; };
		109848F520F0C82B007F61AC /* EditProfileViewController.swift */ = {isa = PBXFileReference; lastKnownFileType = sourcecode.swift; path = EditProfileViewController.swift; sourceTree = "<group>"; };
		109848F720F0F4B3007F61AC /* GetNotificationRes.swift */ = {isa = PBXFileReference; fileEncoding = 4; lastKnownFileType = sourcecode.swift; path = GetNotificationRes.swift; sourceTree = "<group>"; };
		10C942B220A864160053B1B1 /* CClub.app */ = {isa = PBXFileReference; explicitFileType = wrapper.application; includeInIndex = 0; path = CClub.app; sourceTree = BUILT_PRODUCTS_DIR; };
		10C942B520A864160053B1B1 /* AppDelegate.swift */ = {isa = PBXFileReference; lastKnownFileType = sourcecode.swift; path = AppDelegate.swift; sourceTree = "<group>"; };
		10C942B720A864160053B1B1 /* RegisterViewController.swift */ = {isa = PBXFileReference; lastKnownFileType = sourcecode.swift; path = RegisterViewController.swift; sourceTree = "<group>"; };
		10C942BA20A864160053B1B1 /* Base */ = {isa = PBXFileReference; lastKnownFileType = file.storyboard; name = Base; path = Base.lproj/Main.storyboard; sourceTree = "<group>"; };
		10C942BD20A864160053B1B1 /* CClub.xcdatamodel */ = {isa = PBXFileReference; lastKnownFileType = wrapper.xcdatamodel; path = CClub.xcdatamodel; sourceTree = "<group>"; };
		10C942BF20A8641A0053B1B1 /* Assets.xcassets */ = {isa = PBXFileReference; lastKnownFileType = folder.assetcatalog; path = Assets.xcassets; sourceTree = "<group>"; };
		10C942C220A8641A0053B1B1 /* Base */ = {isa = PBXFileReference; lastKnownFileType = file.storyboard; name = Base; path = Base.lproj/LaunchScreen.storyboard; sourceTree = "<group>"; };
		10C942C420A8641A0053B1B1 /* Info.plist */ = {isa = PBXFileReference; lastKnownFileType = text.plist.xml; path = Info.plist; sourceTree = "<group>"; };
		10E0A81220D6719F0081E4E5 /* LoginViewController.swift */ = {isa = PBXFileReference; lastKnownFileType = sourcecode.swift; path = LoginViewController.swift; sourceTree = "<group>"; };
		10E0A81420D76E680081E4E5 /* LogoImage.swift */ = {isa = PBXFileReference; fileEncoding = 4; lastKnownFileType = sourcecode.swift; path = LogoImage.swift; sourceTree = "<group>"; };
		10E0A81520D76E680081E4E5 /* CreatedBy.swift */ = {isa = PBXFileReference; fileEncoding = 4; lastKnownFileType = sourcecode.swift; path = CreatedBy.swift; sourceTree = "<group>"; };
		10E0A81620D76E690081E4E5 /* Organization.swift */ = {isa = PBXFileReference; fileEncoding = 4; lastKnownFileType = sourcecode.swift; path = Organization.swift; sourceTree = "<group>"; };
		10E0A81820D76E690081E4E5 /* ScoreListRes.swift */ = {isa = PBXFileReference; fileEncoding = 4; lastKnownFileType = sourcecode.swift; path = ScoreListRes.swift; sourceTree = "<group>"; };
		10E0A81920D76E690081E4E5 /* EventType.swift */ = {isa = PBXFileReference; fileEncoding = 4; lastKnownFileType = sourcecode.swift; path = EventType.swift; sourceTree = "<group>"; };
		10E0A81A20D76E690081E4E5 /* ParentOrg.swift */ = {isa = PBXFileReference; fileEncoding = 4; lastKnownFileType = sourcecode.swift; path = ParentOrg.swift; sourceTree = "<group>"; };
		10E0A82220D76EEF0081E4E5 /* GiftListRes.swift */ = {isa = PBXFileReference; fileEncoding = 4; lastKnownFileType = sourcecode.swift; path = GiftListRes.swift; sourceTree = "<group>"; };
		10E0A82420D76F750081E4E5 /* MyClubsRes.swift */ = {isa = PBXFileReference; fileEncoding = 4; lastKnownFileType = sourcecode.swift; path = MyClubsRes.swift; sourceTree = "<group>"; };
		10E0A82720D76F760081E4E5 /* Image.swift */ = {isa = PBXFileReference; fileEncoding = 4; lastKnownFileType = sourcecode.swift; path = Image.swift; sourceTree = "<group>"; };
		10E0A83020D783F20081E4E5 /* UpdatedBy.swift */ = {isa = PBXFileReference; lastKnownFileType = sourcecode.swift; path = UpdatedBy.swift; sourceTree = "<group>"; };
		88EF9C9291E5B7D1C6324B28 /* Pods_CClub.framework */ = {isa = PBXFileReference; explicitFileType = wrapper.framework; includeInIndex = 0; path = Pods_CClub.framework; sourceTree = BUILT_PRODUCTS_DIR; };
		BE1B980FD0A603E3859025EC /* Pods-CClub.release.xcconfig */ = {isa = PBXFileReference; includeInIndex = 1; lastKnownFileType = text.xcconfig; name = "Pods-CClub.release.xcconfig"; path = "Pods/Target Support Files/Pods-CClub/Pods-CClub.release.xcconfig"; sourceTree = "<group>"; };
/* End PBXFileReference section */

/* Begin PBXFrameworksBuildPhase section */
		10C942AF20A864160053B1B1 /* Frameworks */ = {
			isa = PBXFrameworksBuildPhase;
			buildActionMask = 2147483647;
			files = (
				594C1BD8F04663A8F53C78E6 /* Pods_CClub.framework in Frameworks */,
			);
			runOnlyForDeploymentPostprocessing = 0;
		};
/* End PBXFrameworksBuildPhase section */

/* Begin PBXGroup section */
		103339B020C3D37A002F4220 /* Models */ = {
			isa = PBXGroup;
			children = (
				103339B220C3D38E002F4220 /* ResponseModels */,
				103339B120C3D383002F4220 /* RequestModels */,
			);
			path = Models;
			sourceTree = "<group>";
		};
		103339B120C3D383002F4220 /* RequestModels */ = {
			isa = PBXGroup;
			children = (
				103339C820C3EF9C002F4220 /* LoginRequestModel.swift */,
				103339CA20C3F577002F4220 /* RegisterRequestModel.swift */,
				103339CC20C3F616002F4220 /* SetNotificationIDRequestModel.swift */,
				103339CE20C3FC18002F4220 /* GetListRequestModel.swift */,
				103339D020C4000B002F4220 /* EditProfileUserRequestModel.swift */,
				103339D220C4042A002F4220 /* SendContactListRequestModel.swift */,
				103339D420C40B53002F4220 /* GetAllContactListRequestModel.swift */,
				103339D620C40D8A002F4220 /* GetCommentRequestModel.swift */,
				103339DA20C41051002F4220 /* GiftLikeRequestModel.swift */,
				103339DC20C41343002F4220 /* GiftDeleteLikeRequestModel.swift */,
				103339DE20C413DD002F4220 /* SendCommentRequestModel.swift */,
				103339E020C41891002F4220 /* GetInfoClubRequestModel.swift */,
				103339E220C419E2002F4220 /* GetHistoryActivityClubRequestModel.swift */,
				103339E420C41A95002F4220 /* SaveChangeNotificationRequestModel.swift */,
				1036DF3320F2279000A81F91 /* UploadImageRequestModel.swift */,
			);
			path = RequestModels;
			sourceTree = "<group>";
		};
		103339B220C3D38E002F4220 /* ResponseModels */ = {
			isa = PBXGroup;
			children = (
				10E0A82C20D77B920081E4E5 /* subReses */,
				103339C420C3E4C5002F4220 /* LoginRes.swift */,
				1092F26B20ECDF8800A41B0C /* CommentRes.swift */,
				10E0A81820D76E690081E4E5 /* ScoreListRes.swift */,
				10E0A82220D76EEF0081E4E5 /* GiftListRes.swift */,
				10E0A82420D76F750081E4E5 /* MyClubsRes.swift */,
				1004D05F20DE614000B4ACCD /* GetProfileRes.swift */,
				1004D06020DE614000B4ACCD /* Person.swift */,
				1004D06320DE626E00B4ACCD /* GetLevelRes.swift */,
				1028C87320E0FA5B00BE328C /* GetInfoClubRes.swift */,
				109848F720F0F4B3007F61AC /* GetNotificationRes.swift */,
			);
			path = ResponseModels;
			sourceTree = "<group>";
		};
		103339B320C3D3A2002F4220 /* Utils */ = {
			isa = PBXGroup;
			children = (
				103339B420C3D3BB002F4220 /* URLs.swift */,
				103339B620C3D3C8002F4220 /* App.swift */,
				103339B820C3D455002F4220 /* DefaultStrings.swift */,
				103339BC20C3D595002F4220 /* MyRequests.swift */,
				103339D820C40EE9002F4220 /* CommentsSubject.swift */,
			);
			path = Utils;
			sourceTree = "<group>";
		};
		104C6CC420D7B6330084E2B2 /* Tabs cells */ = {
			isa = PBXGroup;
			children = (
				104C6CC020D7B3830084E2B2 /* ScoreTableViewCell.swift */,
				104C6CC120D7B3830084E2B2 /* ScoreTableViewCell.xib */,
				104C6CC520D7B66C0084E2B2 /* GiftTableViewCell.swift */,
				104C6CC620D7B66C0084E2B2 /* GiftTableViewCell.xib */,
				104C6CC920D7B9400084E2B2 /* ClubTableViewCell.swift */,
				104C6CCA20D7B9400084E2B2 /* ClubTableViewCell.xib */,
			);
			path = "Tabs cells";
			sourceTree = "<group>";
		};
		104C6CCD20D7BF3B0084E2B2 /* Tabs */ = {
			isa = PBXGroup;
			children = (
				108D369F20DA51F800D6BFEC /* MainTabBarController.swift */,
				109848F020F0C765007F61AC /* ScoreTab */,
				109848EF20F0C59C007F61AC /* ProfileTab */,
				1092F26220ECB3F900A41B0C /* MainTab */,
				105164B120EBA50E0097F4DE /* GiftDetail */,
				1076018320DF7A6C00ACF9F1 /* ClubDetail */,
			);
			path = Tabs;
			sourceTree = "<group>";
		};
		105164B120EBA50E0097F4DE /* GiftDetail */ = {
			isa = PBXGroup;
			children = (
				104C6CD020D7BF720084E2B2 /* GiftViewController.swift */,
				105164B220EBA53E0097F4DE /* GiftDetailViewController.swift */,
				1092F26920ECC60100A41B0C /* SendMessageViewController.swift */,
			);
			path = GiftDetail;
			sourceTree = "<group>";
		};
		1076018320DF7A6C00ACF9F1 /* ClubDetail */ = {
			isa = PBXGroup;
			children = (
				104C6CD220D7BF9B0084E2B2 /* ClubsViewController.swift */,
				1076018420DF7ABB00ACF9F1 /* ClubDetailViewController.swift */,
			);
			path = ClubDetail;
			sourceTree = "<group>";
		};
		1079129B20A986D200FDBE9E /* Cells */ = {
			isa = PBXGroup;
			children = (
				104C6CC420D7B6330084E2B2 /* Tabs cells */,
				1079129D20A9871C00FDBE9E /* AwardsTableViewCell.swift */,
				1079129E20A9871C00FDBE9E /* AwardsTableViewCell.xib */,
				107912A520A9876D00FDBE9E /* AdvertisementTableViewCell.swift */,
				107912A620A9876D00FDBE9E /* AdvertisementTableViewCell.xib */,
				104C6CBA20D792430084E2B2 /* MainCollectionViewCell.swift */,
				104C6CBB20D792430084E2B2 /* MainCollectionViewCell.xib */,
				105164B620EBBB7A0097F4DE /* ChatTableViewCell.swift */,
				105164B720EBBB7A0097F4DE /* ChatTableViewCell.xib */,
				1092F25E20EC9EED00A41B0C /* NotificationTableViewCell.swift */,
				1092F25F20EC9EED00A41B0C /* NotificationTableViewCell.xib */,
			);
			path = Cells;
			sourceTree = "<group>";
		};
		1079129C20A986D800FDBE9E /* ViewControllers */ = {
			isa = PBXGroup;
			children = (
				108D369B20DA192E00D6BFEC /* IntroViewController.swift */,
				10E0A81220D6719F0081E4E5 /* LoginViewController.swift */,
				10C942B720A864160053B1B1 /* RegisterViewController.swift */,
				104C6CCD20D7BF3B0084E2B2 /* Tabs */,
				103339C020C3D7A2002F4220 /* LoadingViewController.swift */,
			);
			path = ViewControllers;
			sourceTree = "<group>";
		};
		1092F26220ECB3F900A41B0C /* MainTab */ = {
			isa = PBXGroup;
			children = (
				1078A3FB20AAAD1600F1F2AA /* MainPageViewController.swift */,
				1092F26520ECB53400A41B0C /* SettingsViewController.swift */,
				1092F26720ECB58B00A41B0C /* ContactViewController.swift */,
			);
			path = MainTab;
			sourceTree = "<group>";
		};
		109848EF20F0C59C007F61AC /* ProfileTab */ = {
			isa = PBXGroup;
			children = (
				104C6CD420D7C0330084E2B2 /* ProfileViewController.swift */,
				109848F120F0C7E2007F61AC /* PermissionPopupViewController.swift */,
				109848F320F0C7F5007F61AC /* QRViewController.swift */,
				109848F520F0C82B007F61AC /* EditProfileViewController.swift */,
			);
			path = ProfileTab;
			sourceTree = "<group>";
		};
		109848F020F0C765007F61AC /* ScoreTab */ = {
			isa = PBXGroup;
			children = (
				104C6CCE20D7BF640084E2B2 /* ScoreViewController.swift */,
			);
			path = ScoreTab;
			sourceTree = "<group>";
		};
		10C942A920A864160053B1B1 = {
			isa = PBXGroup;
			children = (
				108D369620D943D600D6BFEC /* BYekan.ttf */,
				108D369320D943D500D6BFEC /* icomoon.ttf */,
				108D369520D943D500D6BFEC /* iran_sans_medium.ttf */,
				108D369420D943D500D6BFEC /* iran_sans.ttf */,
				1004D05920DE47CB00B4ACCD /* IRANSans(FaNum)_Bold.ttf */,
				1004D05A20DE47CB00B4ACCD /* IRANSans(FaNum)_Light.ttf */,
				1004D05B20DE47CB00B4ACCD /* IRANSans(FaNum).ttf */,
				103339BE20C3D6AA002F4220 /* loading.json */,
				108D369D20DA2D0A00D6BFEC /* loading1.json */,
				10C942B420A864160053B1B1 /* CClub */,
				10C942B320A864160053B1B1 /* Products */,
				73FE2DBA97A35A95C6652AA9 /* Pods */,
				535A9DF7126339EC687A3E3D /* Frameworks */,
			);
			sourceTree = "<group>";
		};
		10C942B320A864160053B1B1 /* Products */ = {
			isa = PBXGroup;
			children = (
				10C942B220A864160053B1B1 /* CClub.app */,
			);
			name = Products;
			sourceTree = "<group>";
		};
		10C942B420A864160053B1B1 /* CClub */ = {
			isa = PBXGroup;
			children = (
				103339B320C3D3A2002F4220 /* Utils */,
				103339B020C3D37A002F4220 /* Models */,
				1079129B20A986D200FDBE9E /* Cells */,
				1079129C20A986D800FDBE9E /* ViewControllers */,
				10C942B520A864160053B1B1 /* AppDelegate.swift */,
				10C942B920A864160053B1B1 /* Main.storyboard */,
				10C942BF20A8641A0053B1B1 /* Assets.xcassets */,
				10C942C120A8641A0053B1B1 /* LaunchScreen.storyboard */,
				10C942C420A8641A0053B1B1 /* Info.plist */,
				10C942BC20A864160053B1B1 /* CClub.xcdatamodeld */,
			);
			path = CClub;
			sourceTree = "<group>";
		};
		10E0A82C20D77B920081E4E5 /* subReses */ = {
			isa = PBXGroup;
			children = (
				104C6CBE20D7A5A90084E2B2 /* ToPhoto.swift */,
				103339C520C3E4C5002F4220 /* Access.swift */,
				10E0A81520D76E680081E4E5 /* CreatedBy.swift */,
				10E0A81920D76E690081E4E5 /* EventType.swift */,
				10E0A81420D76E680081E4E5 /* LogoImage.swift */,
				10E0A81620D76E690081E4E5 /* Organization.swift */,
				10E0A81A20D76E690081E4E5 /* ParentOrg.swift */,
				10E0A82720D76F760081E4E5 /* Image.swift */,
				103339C220C3DB1D002F4220 /* ResponseModel.swift */,
				10E0A83020D783F20081E4E5 /* UpdatedBy.swift */,
				1004D06520DE626E00B4ACCD /* OrganizationPersonGroup.swift */,
				1004D06620DE626E00B4ACCD /* OrganizationPersonLevel.swift */,
				1004D06420DE626E00B4ACCD /* PersonOrganizationRelation.swift */,
				1092F26D20ECDF8800A41B0C /* Usecase.swift */,
				1092F26C20ECDF8800A41B0C /* User.swift */,
			);
			path = subReses;
			sourceTree = "<group>";
		};
		535A9DF7126339EC687A3E3D /* Frameworks */ = {
			isa = PBXGroup;
			children = (
				88EF9C9291E5B7D1C6324B28 /* Pods_CClub.framework */,
			);
			name = Frameworks;
			sourceTree = "<group>";
		};
		73FE2DBA97A35A95C6652AA9 /* Pods */ = {
			isa = PBXGroup;
			children = (
				02045FEB8A820168E2534A0C /* Pods-CClub.debug.xcconfig */,
				BE1B980FD0A603E3859025EC /* Pods-CClub.release.xcconfig */,
			);
			name = Pods;
			sourceTree = "<group>";
		};
/* End PBXGroup section */

/* Begin PBXNativeTarget section */
		10C942B120A864160053B1B1 /* CClub */ = {
			isa = PBXNativeTarget;
			buildConfigurationList = 10C942C720A8641A0053B1B1 /* Build configuration list for PBXNativeTarget "CClub" */;
			buildPhases = (
				B5EE60A6BEA638284834B930 /* [CP] Check Pods Manifest.lock */,
				10C942AE20A864160053B1B1 /* Sources */,
				10C942AF20A864160053B1B1 /* Frameworks */,
				10C942B020A864160053B1B1 /* Resources */,
				4B43A85399A2BDDE695FF73B /* [CP] Embed Pods Frameworks */,
			);
			buildRules = (
			);
			dependencies = (
			);
			name = CClub;
			productName = CClub;
			productReference = 10C942B220A864160053B1B1 /* CClub.app */;
			productType = "com.apple.product-type.application";
		};
/* End PBXNativeTarget section */

/* Begin PBXProject section */
		10C942AA20A864160053B1B1 /* Project object */ = {
			isa = PBXProject;
			attributes = {
				LastSwiftUpdateCheck = 0930;
				LastUpgradeCheck = 0930;
				ORGANIZATIONNAME = "Milad Karimi";
				TargetAttributes = {
					10C942B120A864160053B1B1 = {
						CreatedOnToolsVersion = 9.3.1;
					};
				};
			};
			buildConfigurationList = 10C942AD20A864160053B1B1 /* Build configuration list for PBXProject "CClub" */;
			compatibilityVersion = "Xcode 9.3";
			developmentRegion = en;
			hasScannedForEncodings = 0;
			knownRegions = (
				en,
				Base,
			);
			mainGroup = 10C942A920A864160053B1B1;
			productRefGroup = 10C942B320A864160053B1B1 /* Products */;
			projectDirPath = "";
			projectRoot = "";
			targets = (
				10C942B120A864160053B1B1 /* CClub */,
			);
		};
/* End PBXProject section */

/* Begin PBXResourcesBuildPhase section */
		10C942B020A864160053B1B1 /* Resources */ = {
			isa = PBXResourcesBuildPhase;
			buildActionMask = 2147483647;
			files = (
				1092F26120EC9EED00A41B0C /* NotificationTableViewCell.xib in Resources */,
				108D369920D943D600D6BFEC /* iran_sans_medium.ttf in Resources */,
				10C942C320A8641A0053B1B1 /* LaunchScreen.storyboard in Resources */,
				108D369820D943D600D6BFEC /* iran_sans.ttf in Resources */,
				104C6CCC20D7B9400084E2B2 /* ClubTableViewCell.xib in Resources */,
				108D369E20DA2D0A00D6BFEC /* loading1.json in Resources */,
				108D369720D943D600D6BFEC /* icomoon.ttf in Resources */,
				107912A820A9876D00FDBE9E /* AdvertisementTableViewCell.xib in Resources */,
				107912A020A9871C00FDBE9E /* AwardsTableViewCell.xib in Resources */,
				105164B920EBBB7A0097F4DE /* ChatTableViewCell.xib in Resources */,
				1004D05D20DE47CC00B4ACCD /* IRANSans(FaNum)_Light.ttf in Resources */,
				10C942C020A8641A0053B1B1 /* Assets.xcassets in Resources */,
				108D369A20D943D600D6BFEC /* BYekan.ttf in Resources */,
				104C6CC820D7B66C0084E2B2 /* GiftTableViewCell.xib in Resources */,
				1004D05C20DE47CC00B4ACCD /* IRANSans(FaNum)_Bold.ttf in Resources */,
				103339BF20C3D6AB002F4220 /* loading.json in Resources */,
				104C6CBD20D792430084E2B2 /* MainCollectionViewCell.xib in Resources */,
				104C6CC320D7B3830084E2B2 /* ScoreTableViewCell.xib in Resources */,
				1004D05E20DE47CC00B4ACCD /* IRANSans(FaNum).ttf in Resources */,
				10C942BB20A864160053B1B1 /* Main.storyboard in Resources */,
			);
			runOnlyForDeploymentPostprocessing = 0;
		};
/* End PBXResourcesBuildPhase section */

/* Begin PBXShellScriptBuildPhase section */
		4B43A85399A2BDDE695FF73B /* [CP] Embed Pods Frameworks */ = {
			isa = PBXShellScriptBuildPhase;
			buildActionMask = 2147483647;
			files = (
			);
			inputPaths = (
				"${SRCROOT}/Pods/Target Support Files/Pods-CClub/Pods-CClub-frameworks.sh",
				"${BUILT_PRODUCTS_DIR}/AFDateHelper/AFDateHelper.framework",
				"${BUILT_PRODUCTS_DIR}/Alamofire/Alamofire.framework",
				"${BUILT_PRODUCTS_DIR}/AlamofireNetworkActivityLogger/AlamofireNetworkActivityLogger.framework",
				"${BUILT_PRODUCTS_DIR}/BvMapCluster/BvMapCluster.framework",
				"${BUILT_PRODUCTS_DIR}/CHIPageControl/CHIPageControl.framework",
				"${BUILT_PRODUCTS_DIR}/ClusterKit/ClusterKit.framework",
				"${BUILT_PRODUCTS_DIR}/CodableAlamofire/CodableAlamofire.framework",
				"${BUILT_PRODUCTS_DIR}/CryptoSwift/CryptoSwift.framework",
				"${BUILT_PRODUCTS_DIR}/DCKit/DCKit.framework",
				"${BUILT_PRODUCTS_DIR}/Gallery/Gallery.framework",
				"${BUILT_PRODUCTS_DIR}/IGRPhotoTweaks/IGRPhotoTweaks.framework",
				"${BUILT_PRODUCTS_DIR}/IQKeyboardManagerSwift/IQKeyboardManagerSwift.framework",
				"${BUILT_PRODUCTS_DIR}/Kingfisher/Kingfisher.framework",
				"${BUILT_PRODUCTS_DIR}/MapKitGoogleStyler/MapKitGoogleStyler.framework",
				"${BUILT_PRODUCTS_DIR}/ObjectMapper/ObjectMapper.framework",
				"${BUILT_PRODUCTS_DIR}/PagingTableView/PagingTableView.framework",
				"${BUILT_PRODUCTS_DIR}/QRCode/QRCode.framework",
				"${BUILT_PRODUCTS_DIR}/RangeSeekSlider/RangeSeekSlider.framework",
				"${BUILT_PRODUCTS_DIR}/SWXMLHash/SWXMLHash.framework",
				"${BUILT_PRODUCTS_DIR}/Spring/Spring.framework",
				"${BUILT_PRODUCTS_DIR}/Toast-Swift/Toast_Swift.framework",
				"${BUILT_PRODUCTS_DIR}/UICheckbox.Swift/UICheckbox_Swift.framework",
				"${BUILT_PRODUCTS_DIR}/UIColor_Hex_Swift/UIColor_Hex_Swift.framework",
				"${BUILT_PRODUCTS_DIR}/lottie-ios/Lottie.framework",
			);
			name = "[CP] Embed Pods Frameworks";
			outputPaths = (
				"${TARGET_BUILD_DIR}/${FRAMEWORKS_FOLDER_PATH}/AFDateHelper.framework",
				"${TARGET_BUILD_DIR}/${FRAMEWORKS_FOLDER_PATH}/Alamofire.framework",
				"${TARGET_BUILD_DIR}/${FRAMEWORKS_FOLDER_PATH}/AlamofireNetworkActivityLogger.framework",
				"${TARGET_BUILD_DIR}/${FRAMEWORKS_FOLDER_PATH}/BvMapCluster.framework",
				"${TARGET_BUILD_DIR}/${FRAMEWORKS_FOLDER_PATH}/CHIPageControl.framework",
				"${TARGET_BUILD_DIR}/${FRAMEWORKS_FOLDER_PATH}/ClusterKit.framework",
				"${TARGET_BUILD_DIR}/${FRAMEWORKS_FOLDER_PATH}/CodableAlamofire.framework",
				"${TARGET_BUILD_DIR}/${FRAMEWORKS_FOLDER_PATH}/CryptoSwift.framework",
				"${TARGET_BUILD_DIR}/${FRAMEWORKS_FOLDER_PATH}/DCKit.framework",
				"${TARGET_BUILD_DIR}/${FRAMEWORKS_FOLDER_PATH}/Gallery.framework",
				"${TARGET_BUILD_DIR}/${FRAMEWORKS_FOLDER_PATH}/IGRPhotoTweaks.framework",
				"${TARGET_BUILD_DIR}/${FRAMEWORKS_FOLDER_PATH}/IQKeyboardManagerSwift.framework",
				"${TARGET_BUILD_DIR}/${FRAMEWORKS_FOLDER_PATH}/Kingfisher.framework",
				"${TARGET_BUILD_DIR}/${FRAMEWORKS_FOLDER_PATH}/MapKitGoogleStyler.framework",
				"${TARGET_BUILD_DIR}/${FRAMEWORKS_FOLDER_PATH}/ObjectMapper.framework",
				"${TARGET_BUILD_DIR}/${FRAMEWORKS_FOLDER_PATH}/PagingTableView.framework",
				"${TARGET_BUILD_DIR}/${FRAMEWORKS_FOLDER_PATH}/QRCode.framework",
				"${TARGET_BUILD_DIR}/${FRAMEWORKS_FOLDER_PATH}/RangeSeekSlider.framework",
				"${TARGET_BUILD_DIR}/${FRAMEWORKS_FOLDER_PATH}/SWXMLHash.framework",
				"${TARGET_BUILD_DIR}/${FRAMEWORKS_FOLDER_PATH}/Spring.framework",
				"${TARGET_BUILD_DIR}/${FRAMEWORKS_FOLDER_PATH}/Toast_Swift.framework",
				"${TARGET_BUILD_DIR}/${FRAMEWORKS_FOLDER_PATH}/UICheckbox_Swift.framework",
				"${TARGET_BUILD_DIR}/${FRAMEWORKS_FOLDER_PATH}/UIColor_Hex_Swift.framework",
				"${TARGET_BUILD_DIR}/${FRAMEWORKS_FOLDER_PATH}/Lottie.framework",
			);
			runOnlyForDeploymentPostprocessing = 0;
			shellPath = /bin/sh;
			shellScript = "\"${SRCROOT}/Pods/Target Support Files/Pods-CClub/Pods-CClub-frameworks.sh\"\n";
			showEnvVarsInLog = 0;
		};
		B5EE60A6BEA638284834B930 /* [CP] Check Pods Manifest.lock */ = {
			isa = PBXShellScriptBuildPhase;
			buildActionMask = 2147483647;
			files = (
			);
			inputPaths = (
				"${PODS_PODFILE_DIR_PATH}/Podfile.lock",
				"${PODS_ROOT}/Manifest.lock",
			);
			name = "[CP] Check Pods Manifest.lock";
			outputPaths = (
				"$(DERIVED_FILE_DIR)/Pods-CClub-checkManifestLockResult.txt",
			);
			runOnlyForDeploymentPostprocessing = 0;
			shellPath = /bin/sh;
			shellScript = "diff \"${PODS_PODFILE_DIR_PATH}/Podfile.lock\" \"${PODS_ROOT}/Manifest.lock\" > /dev/null\nif [ $? != 0 ] ; then\n    # print error to STDERR\n    echo \"error: The sandbox is not in sync with the Podfile.lock. Run 'pod install' or update your CocoaPods installation.\" >&2\n    exit 1\nfi\n# This output is used by Xcode 'outputs' to avoid re-running this script phase.\necho \"SUCCESS\" > \"${SCRIPT_OUTPUT_FILE_0}\"\n";
			showEnvVarsInLog = 0;
		};
/* End PBXShellScriptBuildPhase section */

/* Begin PBXSourcesBuildPhase section */
		10C942AE20A864160053B1B1 /* Sources */ = {
			isa = PBXSourcesBuildPhase;
			buildActionMask = 2147483647;
			files = (
				10E0A81D20D76E690081E4E5 /* Organization.swift in Sources */,
				1076018520DF7ABB00ACF9F1 /* ClubDetailViewController.swift in Sources */,
				104C6CC220D7B3830084E2B2 /* ScoreTableViewCell.swift in Sources */,
				109848F620F0C82B007F61AC /* EditProfileViewController.swift in Sources */,
				103339B720C3D3C8002F4220 /* App.swift in Sources */,
				105164B820EBBB7A0097F4DE /* ChatTableViewCell.swift in Sources */,
				1092F27020ECDF8900A41B0C /* Usecase.swift in Sources */,
				103339BD20C3D595002F4220 /* MyRequests.swift in Sources */,
				10E0A82820D76F760081E4E5 /* MyClubsRes.swift in Sources */,
				1092F26620ECB53400A41B0C /* SettingsViewController.swift in Sources */,
				10C942B820A864160053B1B1 /* RegisterViewController.swift in Sources */,
				104C6CBF20D7A5A90084E2B2 /* ToPhoto.swift in Sources */,
				104C6CC720D7B66C0084E2B2 /* GiftTableViewCell.swift in Sources */,
				105164B320EBA53E0097F4DE /* GiftDetailViewController.swift in Sources */,
				103339D320C4042A002F4220 /* SendContactListRequestModel.swift in Sources */,
				103339CB20C3F577002F4220 /* RegisterRequestModel.swift in Sources */,
				108D36A020DA51F800D6BFEC /* MainTabBarController.swift in Sources */,
				10E0A82320D76EEF0081E4E5 /* GiftListRes.swift in Sources */,
				1078A3FC20AAAD1600F1F2AA /* MainPageViewController.swift in Sources */,
				104C6CBC20D792430084E2B2 /* MainCollectionViewCell.swift in Sources */,
				103339C620C3E4C5002F4220 /* LoginRes.swift in Sources */,
				103339CD20C3F616002F4220 /* SetNotificationIDRequestModel.swift in Sources */,
				103339C920C3EF9C002F4220 /* LoginRequestModel.swift in Sources */,
				1079129F20A9871C00FDBE9E /* AwardsTableViewCell.swift in Sources */,
				10E0A82120D76E690081E4E5 /* ParentOrg.swift in Sources */,
				103339B520C3D3BB002F4220 /* URLs.swift in Sources */,
				1004D06220DE614100B4ACCD /* Person.swift in Sources */,
				10C942B620A864160053B1B1 /* AppDelegate.swift in Sources */,
				109848F220F0C7E2007F61AC /* PermissionPopupViewController.swift in Sources */,
				1004D06820DE626E00B4ACCD /* GetLevelRes.swift in Sources */,
				103339CF20C3FC18002F4220 /* GetListRequestModel.swift in Sources */,
				10E0A81320D6719F0081E4E5 /* LoginViewController.swift in Sources */,
				109848F420F0C7F5007F61AC /* QRViewController.swift in Sources */,
				103339B920C3D455002F4220 /* DefaultStrings.swift in Sources */,
				107912A720A9876D00FDBE9E /* AdvertisementTableViewCell.swift in Sources */,
				1092F26020EC9EED00A41B0C /* NotificationTableViewCell.swift in Sources */,
				109848F820F0F4B3007F61AC /* GetNotificationRes.swift in Sources */,
				10E0A81F20D76E690081E4E5 /* ScoreListRes.swift in Sources */,
				10E0A82B20D76F760081E4E5 /* Image.swift in Sources */,
				104C6CD120D7BF720084E2B2 /* GiftViewController.swift in Sources */,
				103339C320C3DB1D002F4220 /* ResponseModel.swift in Sources */,
				1092F26A20ECC60100A41B0C /* SendMessageViewController.swift in Sources */,
				1004D06120DE614000B4ACCD /* GetProfileRes.swift in Sources */,
				104C6CD320D7BF9B0084E2B2 /* ClubsViewController.swift in Sources */,
				103339DF20C413DD002F4220 /* SendCommentRequestModel.swift in Sources */,
				10C942BE20A864160053B1B1 /* CClub.xcdatamodeld in Sources */,
				103339D120C4000B002F4220 /* EditProfileUserRequestModel.swift in Sources */,
				104C6CD520D7C0340084E2B2 /* ProfileViewController.swift in Sources */,
				103339DD20C41343002F4220 /* GiftDeleteLikeRequestModel.swift in Sources */,
				103339D720C40D8A002F4220 /* GetCommentRequestModel.swift in Sources */,
				1092F26F20ECDF8900A41B0C /* User.swift in Sources */,
				1004D06B20DE626E00B4ACCD /* OrganizationPersonLevel.swift in Sources */,
				103339C120C3D7A3002F4220 /* LoadingViewController.swift in Sources */,
				1036DF3420F2279000A81F91 /* UploadImageRequestModel.swift in Sources */,
				104C6CCF20D7BF640084E2B2 /* ScoreViewController.swift in Sources */,
				104C6CCB20D7B9400084E2B2 /* ClubTableViewCell.swift in Sources */,
				10E0A81C20D76E690081E4E5 /* CreatedBy.swift in Sources */,
				103339C720C3E4C5002F4220 /* Access.swift in Sources */,
				103339DB20C41051002F4220 /* GiftLikeRequestModel.swift in Sources */,
				103339E320C419E2002F4220 /* GetHistoryActivityClubRequestModel.swift in Sources */,
				103339E520C41A95002F4220 /* SaveChangeNotificationRequestModel.swift in Sources */,
				1092F26E20ECDF8900A41B0C /* CommentRes.swift in Sources */,
				1092F26820ECB58B00A41B0C /* ContactViewController.swift in Sources */,
				10E0A83120D783F20081E4E5 /* UpdatedBy.swift in Sources */,
				103339E120C41891002F4220 /* GetInfoClubRequestModel.swift in Sources */,
				1028C87420E0FA5C00BE328C /* GetInfoClubRes.swift in Sources */,
				1004D06A20DE626E00B4ACCD /* OrganizationPersonGroup.swift in Sources */,
				108D369C20DA192E00D6BFEC /* IntroViewController.swift in Sources */,
				1004D06920DE626E00B4ACCD /* PersonOrganizationRelation.swift in Sources */,
				10E0A82020D76E690081E4E5 /* EventType.swift in Sources */,
				103339D920C40EE9002F4220 /* CommentsSubject.swift in Sources */,
				10E0A81B20D76E690081E4E5 /* LogoImage.swift in Sources */,
				103339D520C40B53002F4220 /* GetAllContactListRequestModel.swift in Sources */,
			);
			runOnlyForDeploymentPostprocessing = 0;
		};
/* End PBXSourcesBuildPhase section */

/* Begin PBXVariantGroup section */
		10C942B920A864160053B1B1 /* Main.storyboard */ = {
			isa = PBXVariantGroup;
			children = (
				10C942BA20A864160053B1B1 /* Base */,
			);
			name = Main.storyboard;
			sourceTree = "<group>";
		};
		10C942C120A8641A0053B1B1 /* LaunchScreen.storyboard */ = {
			isa = PBXVariantGroup;
			children = (
				10C942C220A8641A0053B1B1 /* Base */,
			);
			name = LaunchScreen.storyboard;
			sourceTree = "<group>";
		};
/* End PBXVariantGroup section */

/* Begin XCBuildConfiguration section */
		10C942C520A8641A0053B1B1 /* Debug */ = {
			isa = XCBuildConfiguration;
			buildSettings = {
				ALWAYS_SEARCH_USER_PATHS = NO;
				CLANG_ANALYZER_NONNULL = YES;
				CLANG_ANALYZER_NUMBER_OBJECT_CONVERSION = YES_AGGRESSIVE;
				CLANG_CXX_LANGUAGE_STANDARD = "gnu++14";
				CLANG_CXX_LIBRARY = "libc++";
				CLANG_ENABLE_MODULES = YES;
				CLANG_ENABLE_OBJC_ARC = YES;
				CLANG_ENABLE_OBJC_WEAK = YES;
				CLANG_WARN_BLOCK_CAPTURE_AUTORELEASING = YES;
				CLANG_WARN_BOOL_CONVERSION = YES;
				CLANG_WARN_COMMA = YES;
				CLANG_WARN_CONSTANT_CONVERSION = YES;
				CLANG_WARN_DEPRECATED_OBJC_IMPLEMENTATIONS = YES;
				CLANG_WARN_DIRECT_OBJC_ISA_USAGE = YES_ERROR;
				CLANG_WARN_DOCUMENTATION_COMMENTS = YES;
				CLANG_WARN_EMPTY_BODY = YES;
				CLANG_WARN_ENUM_CONVERSION = YES;
				CLANG_WARN_INFINITE_RECURSION = YES;
				CLANG_WARN_INT_CONVERSION = YES;
				CLANG_WARN_NON_LITERAL_NULL_CONVERSION = YES;
				CLANG_WARN_OBJC_IMPLICIT_RETAIN_SELF = YES;
				CLANG_WARN_OBJC_LITERAL_CONVERSION = YES;
				CLANG_WARN_OBJC_ROOT_CLASS = YES_ERROR;
				CLANG_WARN_RANGE_LOOP_ANALYSIS = YES;
				CLANG_WARN_STRICT_PROTOTYPES = YES;
				CLANG_WARN_SUSPICIOUS_MOVE = YES;
				CLANG_WARN_UNGUARDED_AVAILABILITY = YES_AGGRESSIVE;
				CLANG_WARN_UNREACHABLE_CODE = YES;
				CLANG_WARN__DUPLICATE_METHOD_MATCH = YES;
				CODE_SIGN_IDENTITY = "iPhone Developer";
				COPY_PHASE_STRIP = NO;
				DEBUG_INFORMATION_FORMAT = dwarf;
				ENABLE_STRICT_OBJC_MSGSEND = YES;
				ENABLE_TESTABILITY = YES;
				GCC_C_LANGUAGE_STANDARD = gnu11;
				GCC_DYNAMIC_NO_PIC = NO;
				GCC_NO_COMMON_BLOCKS = YES;
				GCC_OPTIMIZATION_LEVEL = 0;
				GCC_PREPROCESSOR_DEFINITIONS = (
					"DEBUG=1",
					"$(inherited)",
				);
				GCC_WARN_64_TO_32_BIT_CONVERSION = YES;
				GCC_WARN_ABOUT_RETURN_TYPE = YES_ERROR;
				GCC_WARN_UNDECLARED_SELECTOR = YES;
				GCC_WARN_UNINITIALIZED_AUTOS = YES_AGGRESSIVE;
				GCC_WARN_UNUSED_FUNCTION = YES;
				GCC_WARN_UNUSED_VARIABLE = YES;
				IPHONEOS_DEPLOYMENT_TARGET = 11.3;
				MTL_ENABLE_DEBUG_INFO = YES;
				ONLY_ACTIVE_ARCH = YES;
				SDKROOT = iphoneos;
				SWIFT_ACTIVE_COMPILATION_CONDITIONS = DEBUG;
				SWIFT_OPTIMIZATION_LEVEL = "-Onone";
			};
			name = Debug;
		};
		10C942C620A8641A0053B1B1 /* Release */ = {
			isa = XCBuildConfiguration;
			buildSettings = {
				ALWAYS_SEARCH_USER_PATHS = NO;
				CLANG_ANALYZER_NONNULL = YES;
				CLANG_ANALYZER_NUMBER_OBJECT_CONVERSION = YES_AGGRESSIVE;
				CLANG_CXX_LANGUAGE_STANDARD = "gnu++14";
				CLANG_CXX_LIBRARY = "libc++";
				CLANG_ENABLE_MODULES = YES;
				CLANG_ENABLE_OBJC_ARC = YES;
				CLANG_ENABLE_OBJC_WEAK = YES;
				CLANG_WARN_BLOCK_CAPTURE_AUTORELEASING = YES;
				CLANG_WARN_BOOL_CONVERSION = YES;
				CLANG_WARN_COMMA = YES;
				CLANG_WARN_CONSTANT_CONVERSION = YES;
				CLANG_WARN_DEPRECATED_OBJC_IMPLEMENTATIONS = YES;
				CLANG_WARN_DIRECT_OBJC_ISA_USAGE = YES_ERROR;
				CLANG_WARN_DOCUMENTATION_COMMENTS = YES;
				CLANG_WARN_EMPTY_BODY = YES;
				CLANG_WARN_ENUM_CONVERSION = YES;
				CLANG_WARN_INFINITE_RECURSION = YES;
				CLANG_WARN_INT_CONVERSION = YES;
				CLANG_WARN_NON_LITERAL_NULL_CONVERSION = YES;
				CLANG_WARN_OBJC_IMPLICIT_RETAIN_SELF = YES;
				CLANG_WARN_OBJC_LITERAL_CONVERSION = YES;
				CLANG_WARN_OBJC_ROOT_CLASS = YES_ERROR;
				CLANG_WARN_RANGE_LOOP_ANALYSIS = YES;
				CLANG_WARN_STRICT_PROTOTYPES = YES;
				CLANG_WARN_SUSPICIOUS_MOVE = YES;
				CLANG_WARN_UNGUARDED_AVAILABILITY = YES_AGGRESSIVE;
				CLANG_WARN_UNREACHABLE_CODE = YES;
				CLANG_WARN__DUPLICATE_METHOD_MATCH = YES;
				CODE_SIGN_IDENTITY = "iPhone Developer";
				COPY_PHASE_STRIP = NO;
				DEBUG_INFORMATION_FORMAT = "dwarf-with-dsym";
				ENABLE_NS_ASSERTIONS = NO;
				ENABLE_STRICT_OBJC_MSGSEND = YES;
				GCC_C_LANGUAGE_STANDARD = gnu11;
				GCC_NO_COMMON_BLOCKS = YES;
				GCC_WARN_64_TO_32_BIT_CONVERSION = YES;
				GCC_WARN_ABOUT_RETURN_TYPE = YES_ERROR;
				GCC_WARN_UNDECLARED_SELECTOR = YES;
				GCC_WARN_UNINITIALIZED_AUTOS = YES_AGGRESSIVE;
				GCC_WARN_UNUSED_FUNCTION = YES;
				GCC_WARN_UNUSED_VARIABLE = YES;
				IPHONEOS_DEPLOYMENT_TARGET = 11.3;
				MTL_ENABLE_DEBUG_INFO = NO;
				SDKROOT = iphoneos;
				SWIFT_COMPILATION_MODE = wholemodule;
				SWIFT_OPTIMIZATION_LEVEL = "-O";
				VALIDATE_PRODUCT = YES;
			};
			name = Release;
		};
		10C942C820A8641A0053B1B1 /* Debug */ = {
			isa = XCBuildConfiguration;
			baseConfigurationReference = 02045FEB8A820168E2534A0C /* Pods-CClub.debug.xcconfig */;
			buildSettings = {
				ASSETCATALOG_COMPILER_APPICON_NAME = AppIcon;
				CODE_SIGN_STYLE = Automatic;
				DEVELOPMENT_TEAM = 7358RL8G34;
				HEADER_SEARCH_PATHS = "$(SRCROOT)/Pods/**";
				INFOPLIST_FILE = CClub/Info.plist;
				IPHONEOS_DEPLOYMENT_TARGET = 11;
				LD_RUNPATH_SEARCH_PATHS = (
					"$(inherited)",
					"@executable_path/Frameworks",
				);
				PRODUCT_BUNDLE_IDENTIFIER = com.cclub.MiliK.CClub;
				PRODUCT_NAME = "$(TARGET_NAME)";
				SWIFT_VERSION = 4.0;
				TARGETED_DEVICE_FAMILY = "1,2";
			};
			name = Debug;
		};
		10C942C920A8641A0053B1B1 /* Release */ = {
			isa = XCBuildConfiguration;
			baseConfigurationReference = BE1B980FD0A603E3859025EC /* Pods-CClub.release.xcconfig */;
			buildSettings = {
				ASSETCATALOG_COMPILER_APPICON_NAME = AppIcon;
				CODE_SIGN_STYLE = Automatic;
				DEVELOPMENT_TEAM = 7358RL8G34;
				INFOPLIST_FILE = CClub/Info.plist;
				IPHONEOS_DEPLOYMENT_TARGET = 11;
				LD_RUNPATH_SEARCH_PATHS = (
					"$(inherited)",
					"@executable_path/Frameworks",
				);
				PRODUCT_BUNDLE_IDENTIFIER = com.cclub.MiliK.CClub;
				PRODUCT_NAME = "$(TARGET_NAME)";
				SWIFT_VERSION = 4.0;
				TARGETED_DEVICE_FAMILY = "1,2";
			};
			name = Release;
		};
/* End XCBuildConfiguration section */

/* Begin XCConfigurationList section */
		10C942AD20A864160053B1B1 /* Build configuration list for PBXProject "CClub" */ = {
			isa = XCConfigurationList;
			buildConfigurations = (
				10C942C520A8641A0053B1B1 /* Debug */,
				10C942C620A8641A0053B1B1 /* Release */,
			);
			defaultConfigurationIsVisible = 0;
			defaultConfigurationName = Release;
		};
		10C942C720A8641A0053B1B1 /* Build configuration list for PBXNativeTarget "CClub" */ = {
			isa = XCConfigurationList;
			buildConfigurations = (
				10C942C820A8641A0053B1B1 /* Debug */,
				10C942C920A8641A0053B1B1 /* Release */,
			);
			defaultConfigurationIsVisible = 0;
			defaultConfigurationName = Release;
		};
/* End XCConfigurationList section */

/* Begin XCVersionGroup section */
		10C942BC20A864160053B1B1 /* CClub.xcdatamodeld */ = {
			isa = XCVersionGroup;
			children = (
				10C942BD20A864160053B1B1 /* CClub.xcdatamodel */,
			);
			currentVersion = 10C942BD20A864160053B1B1 /* CClub.xcdatamodel */;
			path = CClub.xcdatamodeld;
			sourceTree = "<group>";
			versionGroupType = wrapper.xcdatamodel;
		};
/* End XCVersionGroup section */
	};
	rootObject = 10C942AA20A864160053B1B1 /* Project object */;
}
